
Microsoft Visual Studio Solution File, Format Version 12.00
# Visual Studio Version 16
VisualStudioVersion = 16.0.31105.61
MinimumVisualStudioVersion = 10.0.40219.1
Project("{FAE04EC0-301F-11D3-BF4B-00C04F79EFBC}") = "MovieDb", "MovieDb\MovieDb.csproj", "{C0D929A2-642D-4B35-982D-CAFD3187C8E2}"
EndProject
Global
	GlobalSection(SolutionConfigurationPlatforms) = preSolution
		Debug|Any CPU = Debug|Any CPU
		Release|Any CPU = Release|Any CPU
	EndGlobalSection
	GlobalSection(ProjectConfigurationPlatforms) = postSolution
		{C0D929A2-642D-4B35-982D-CAFD3187C8E2}.Debug|Any CPU.ActiveCfg = Debug|Any CPU
		{C0D929A2-642D-4B35-982D-CAFD3187C8E2}.Debug|Any CPU.Build.0 = Debug|Any CPU
		{C0D929A2-642D-4B35-982D-CAFD3187C8E2}.Release|Any CPU.ActiveCfg = Release|Any CPU
		{C0D929A2-642D-4B35-982D-CAFD3187C8E2}.Release|Any CPU.Build.0 = Release|Any CPU
	EndGlobalSection
	GlobalSection(SolutionProperties) = preSolution
		HideSolutionNode = FALSE
	EndGlobalSection
	GlobalSection(ExtensibilityGlobals) = postSolution
		SolutionGuid = {EBCCFE5F-300E-4F4A-8C6C-87766915FB9E}
	EndGlobalSection
EndGlobal
